lockfileVersion: 5.4

specifiers:
  '@types/node': ^18.11.10
  zod: ^3.19.1

dependencies:
  zod: 3.19.1

devDependencies:
  '@types/node': 18.11.10

packages:

  /@types/node/18.11.10:
    resolution: {integrity: sha512-juG3RWMBOqcOuXC643OAdSA525V44cVgGV6dUDuiFtss+8Fk5x1hI93Rsld43VeJVIeqlP9I7Fn9/qaVqoEAuQ==}
    dev: true

  /zod/3.19.1:
    resolution: {integrity: sha512-LYjZsEDhCdYET9ikFu6dVPGp2YH9DegXjdJToSzD9rO6fy4qiRYFoyEYwps88OseJlPyl2NOe2iJuhEhL7IpEA==}
    dev: false
